// !$*UTF8*$!
{
	archiveVersion = 1;
	classes = {
	};
	objectVersion = 56;
	objects = {

/* Begin PBXBuildFile section */
		CE315FCD2AD3E66800C3A618 /* AppDelegate.swift in Sources */ = {isa = PBXBuildFile; fileRef = CE315FCC2AD3E66800C3A618 /* AppDelegate.swift */; };
		CE315FCF2AD3E66800C3A618 /* SceneDelegate.swift in Sources */ = {isa = PBXBuildFile; fileRef = CE315FCE2AD3E66800C3A618 /* SceneDelegate.swift */; };
		CE315FD12AD3E66800C3A618 /* ImagesListViewController.swift in Sources */ = {isa = PBXBuildFile; fileRef = CE315FD02AD3E66800C3A618 /* ImagesListViewController.swift */; };
		CE315FD42AD3E66800C3A618 /* Main.storyboard in Resources */ = {isa = PBXBuildFile; fileRef = CE315FD22AD3E66800C3A618 /* Main.storyboard */; };
		CE315FD62AD3E66900C3A618 /* Assets.xcassets in Resources */ = {isa = PBXBuildFile; fileRef = CE315FD52AD3E66900C3A618 /* Assets.xcassets */; };
		CE315FD92AD3E66900C3A618 /* LaunchScreen.storyboard in Resources */ = {isa = PBXBuildFile; fileRef = CE315FD72AD3E66900C3A618 /* LaunchScreen.storyboard */; };
		CE315FE42AD3E66900C3A618 /* ImageFeedProjectTests.swift in Sources */ = {isa = PBXBuildFile; fileRef = CE315FE32AD3E66900C3A618 /* ImageFeedProjectTests.swift */; };
		CE315FEE2AD3E66900C3A618 /* ImageFeedProjectUITests.swift in Sources */ = {isa = PBXBuildFile; fileRef = CE315FED2AD3E66900C3A618 /* ImageFeedProjectUITests.swift */; };
		CE315FF02AD3E66900C3A618 /* ImageFeedProjectUITestsLaunchTests.swift in Sources */ = {isa = PBXBuildFile; fileRef = CE315FEF2AD3E66900C3A618 /* ImageFeedProjectUITestsLaunchTests.swift */; };
		CEB492642AE954B100CA3D44 /* ImagesListCell.swift in Sources */ = {isa = PBXBuildFile; fileRef = CEB492632AE954B100CA3D44 /* ImagesListCell.swift */; };
/* End PBXBuildFile section */

/* Begin PBXContainerItemProxy section */
		CE315FE02AD3E66900C3A618 /* PBXContainerItemProxy */ = {
			isa = PBXContainerItemProxy;
			containerPortal = CE315FC12AD3E66800C3A618 /* Project object */;
			proxyType = 1;
			remoteGlobalIDString = CE315FC82AD3E66800C3A618;
			remoteInfo = ImageFeedProject;
		};
		CE315FEA2AD3E66900C3A618 /* PBXContainerItemProxy */ = {
			isa = PBXContainerItemProxy;
			containerPortal = CE315FC12AD3E66800C3A618 /* Project object */;
			proxyType = 1;
			remoteGlobalIDString = CE315FC82AD3E66800C3A618;
			remoteInfo = ImageFeedProject;
		};
/* End PBXContainerItemProxy section */

/* Begin PBXFileReference section */
		CE315FC92AD3E66800C3A618 /* ImageFeedProject.app */ = {isa = PBXFileReference; explicitFileType = wrapper.application; includeInIndex = 0; path = ImageFeedProject.app; sourceTree = BUILT_PRODUCTS_DIR; };
		CE315FCC2AD3E66800C3A618 /* AppDelegate.swift */ = {isa = PBXFileReference; lastKnownFileType = sourcecode.swift; path = AppDelegate.swift; sourceTree = "<group>"; };
		CE315FCE2AD3E66800C3A618 /* SceneDelegate.swift */ = {isa = PBXFileReference; lastKnownFileType = sourcecode.swift; path = SceneDelegate.swift; sourceTree = "<group>"; };
		CE315FD02AD3E66800C3A618 /* ImagesListViewController.swift */ = {isa = PBXFileReference; lastKnownFileType = sourcecode.swift; path = ImagesListViewController.swift; sourceTree = "<group>"; };
		CE315FD32AD3E66800C3A618 /* Base */ = {isa = PBXFileReference; lastKnownFileType = file.storyboard; name = Base; path = Base.lproj/Main.storyboard; sourceTree = "<group>"; };
		CE315FD52AD3E66900C3A618 /* Assets.xcassets */ = {isa = PBXFileReference; lastKnownFileType = folder.assetcatalog; path = Assets.xcassets; sourceTree = "<group>"; };
		CE315FD82AD3E66900C3A618 /* Base */ = {isa = PBXFileReference; lastKnownFileType = file.storyboard; name = Base; path = Base.lproj/LaunchScreen.storyboard; sourceTree = "<group>"; };
		CE315FDA2AD3E66900C3A618 /* Info.plist */ = {isa = PBXFileReference; lastKnownFileType = text.plist.xml; path = Info.plist; sourceTree = "<group>"; };
		CE315FDF2AD3E66900C3A618 /* ImageFeedProjectTests.xctest */ = {isa = PBXFileReference; explicitFileType = wrapper.cfbundle; includeInIndex = 0; path = ImageFeedProjectTests.xctest; sourceTree = BUILT_PRODUCTS_DIR; };
		CE315FE32AD3E66900C3A618 /* ImageFeedProjectTests.swift */ = {isa = PBXFileReference; lastKnownFileType = sourcecode.swift; path = ImageFeedProjectTests.swift; sourceTree = "<group>"; };
		CE315FE92AD3E66900C3A618 /* ImageFeedProjectUITests.xctest */ = {isa = PBXFileReference; explicitFileType = wrapper.cfbundle; includeInIndex = 0; path = ImageFeedProjectUITests.xctest; sourceTree = BUILT_PRODUCTS_DIR; };
		CE315FED2AD3E66900C3A618 /* ImageFeedProjectUITests.swift */ = {isa = PBXFileReference; lastKnownFileType = sourcecode.swift; path = ImageFeedProjectUITests.swift; sourceTree = "<group>"; };
		CE315FEF2AD3E66900C3A618 /* ImageFeedProjectUITestsLaunchTests.swift */ = {isa = PBXFileReference; lastKnownFileType = sourcecode.swift; path = ImageFeedProjectUITestsLaunchTests.swift; sourceTree = "<group>"; };
		CEB492632AE954B100CA3D44 /* ImagesListCell.swift */ = {isa = PBXFileReference; lastKnownFileType = sourcecode.swift; path = ImagesListCell.swift; sourceTree = "<group>"; };
/* End PBXFileReference section */

/* Begin PBXFrameworksBuildPhase section */
		CE315FC62AD3E66800C3A618 /* Frameworks */ = {
			isa = PBXFrameworksBuildPhase;
			buildActionMask = 2147483647;
			files = (
			);
			runOnlyForDeploymentPostprocessing = 0;
		};
		CE315FDC2AD3E66900C3A618 /* Frameworks */ = {
			isa = PBXFrameworksBuildPhase;
			buildActionMask = 2147483647;
			files = (
			);
			runOnlyForDeploymentPostprocessing = 0;
		};
		CE315FE62AD3E66900C3A618 /* Frameworks */ = {
			isa = PBXFrameworksBuildPhase;
			buildActionMask = 2147483647;
			files = (
			);
			runOnlyForDeploymentPostprocessing = 0;
		};
/* End PBXFrameworksBuildPhase section */

/* Begin PBXGroup section */
		CE315FC02AD3E66800C3A618 = {
			isa = PBXGroup;
			children = (
				CE315FCB2AD3E66800C3A618 /* ImageFeedProject */,
				CE315FE22AD3E66900C3A618 /* ImageFeedProjectTests */,
				CE315FEC2AD3E66900C3A618 /* ImageFeedProjectUITests */,
				CE315FCA2AD3E66800C3A618 /* Products */,
			);
			sourceTree = "<group>";
		};
		CE315FCA2AD3E66800C3A618 /* Products */ = {
			isa = PBXGroup;
			children = (
				CE315FC92AD3E66800C3A618 /* ImageFeedProject.app */,
				CE315FDF2AD3E66900C3A618 /* ImageFeedProjectTests.xctest */,
				CE315FE92AD3E66900C3A618 /* ImageFeedProjectUITests.xctest */,
			);
			name = Products;
			sourceTree = "<group>";
		};
		CE315FCB2AD3E66800C3A618 /* ImageFeedProject */ = {
			isa = PBXGroup;
			children = (
				CE315FCC2AD3E66800C3A618 /* AppDelegate.swift */,
				CE315FCE2AD3E66800C3A618 /* SceneDelegate.swift */,
				CEB492622AE9548200CA3D44 /* ImagesList */,
				CE315FD22AD3E66800C3A618 /* Main.storyboard */,
				CE315FD52AD3E66900C3A618 /* Assets.xcassets */,
				CE315FD72AD3E66900C3A618 /* LaunchScreen.storyboard */,
				CE315FDA2AD3E66900C3A618 /* Info.plist */,
			);
			path = ImageFeedProject;
			sourceTree = "<group>";
		};
		CE315FE22AD3E66900C3A618 /* ImageFeedProjectTests */ = {
			isa = PBXGroup;
			children = (
				CE315FE32AD3E66900C3A618 /* ImageFeedProjectTests.swift */,
			);
			path = ImageFeedProjectTests;
			sourceTree = "<group>";
		};
		CE315FEC2AD3E66900C3A618 /* ImageFeedProjectUITests */ = {
			isa = PBXGroup;
			children = (
				CE315FED2AD3E66900C3A618 /* ImageFeedProjectUITests.swift */,
				CE315FEF2AD3E66900C3A618 /* ImageFeedProjectUITestsLaunchTests.swift */,
			);
			path = ImageFeedProjectUITests;
			sourceTree = "<group>";
		};
		CEB492622AE9548200CA3D44 /* ImagesList */ = {
			isa = PBXGroup;
			children = (
				CE315FD02AD3E66800C3A618 /* ImagesListViewController.swift */,
				CEB492632AE954B100CA3D44 /* ImagesListCell.swift */,
			);
			path = ImagesList;
			sourceTree = "<group>";
		};
/* End PBXGroup section */

/* Begin PBXNativeTarget section */
		CE315FC82AD3E66800C3A618 /* ImageFeedProject */ = {
			isa = PBXNativeTarget;
			buildConfigurationList = CE315FF32AD3E66900C3A618 /* Build configuration list for PBXNativeTarget "ImageFeedProject" */;
			buildPhases = (
				CE315FC52AD3E66800C3A618 /* Sources */,
				CE315FC62AD3E66800C3A618 /* Frameworks */,
				CE315FC72AD3E66800C3A618 /* Resources */,
			);
			buildRules = (
			);
			dependencies = (
			);
			name = ImageFeedProject;
			productName = ImageFeedProject;
			productReference = CE315FC92AD3E66800C3A618 /* ImageFeedProject.app */;
			productType = "com.apple.product-type.application";
		};
		CE315FDE2AD3E66900C3A618 /* ImageFeedProjectTests */ = {
			isa = PBXNativeTarget;
			buildConfigurationList = CE315FF62AD3E66900C3A618 /* Build configuration list for PBXNativeTarget "ImageFeedProjectTests" */;
			buildPhases = (
				CE315FDB2AD3E66900C3A618 /* Sources */,
				CE315FDC2AD3E66900C3A618 /* Frameworks */,
				CE315FDD2AD3E66900C3A618 /* Resources */,
			);
			buildRules = (
			);
			dependencies = (
				CE315FE12AD3E66900C3A618 /* PBXTargetDependency */,
			);
			name = ImageFeedProjectTests;
			productName = ImageFeedProjectTests;
			productReference = CE315FDF2AD3E66900C3A618 /* ImageFeedProjectTests.xctest */;
			productType = "com.apple.product-type.bundle.unit-test";
		};
		CE315FE82AD3E66900C3A618 /* ImageFeedProjectUITests */ = {
			isa = PBXNativeTarget;
			buildConfigurationList = CE315FF92AD3E66900C3A618 /* Build configuration list for PBXNativeTarget "ImageFeedProjectUITests" */;
			buildPhases = (
				CE315FE52AD3E66900C3A618 /* Sources */,
				CE315FE62AD3E66900C3A618 /* Frameworks */,
				CE315FE72AD3E66900C3A618 /* Resources */,
			);
			buildRules = (
			);
			dependencies = (
				CE315FEB2AD3E66900C3A618 /* PBXTargetDependency */,
			);
			name = ImageFeedProjectUITests;
			productName = ImageFeedProjectUITests;
			productReference = CE315FE92AD3E66900C3A618 /* ImageFeedProjectUITests.xctest */;
			productType = "com.apple.product-type.bundle.ui-testing";
		};
/* End PBXNativeTarget section */

/* Begin PBXProject section */
		CE315FC12AD3E66800C3A618 /* Project object */ = {
			isa = PBXProject;
			attributes = {
				BuildIndependentTargetsInParallel = 1;
				LastSwiftUpdateCheck = 1500;
				LastUpgradeCheck = 1500;
				TargetAttributes = {
					CE315FC82AD3E66800C3A618 = {
						CreatedOnToolsVersion = 15.0;
					};
					CE315FDE2AD3E66900C3A618 = {
						CreatedOnToolsVersion = 15.0;
						TestTargetID = CE315FC82AD3E66800C3A618;
					};
					CE315FE82AD3E66900C3A618 = {
						CreatedOnToolsVersion = 15.0;
						TestTargetID = CE315FC82AD3E66800C3A618;
					};
				};
			};
			buildConfigurationList = CE315FC42AD3E66800C3A618 /* Build configuration list for PBXProject "ImageFeedProject" */;
			compatibilityVersion = "Xcode 14.0";
			developmentRegion = en;
			hasScannedForEncodings = 0;
			knownRegions = (
				en,
				Base,
			);
			mainGroup = CE315FC02AD3E66800C3A618;
			productRefGroup = CE315FCA2AD3E66800C3A618 /* Products */;
			projectDirPath = "";
			projectRoot = "";
			targets = (
				CE315FC82AD3E66800C3A618 /* ImageFeedProject */,
				CE315FDE2AD3E66900C3A618 /* ImageFeedProjectTests */,
				CE315FE82AD3E66900C3A618 /* ImageFeedProjectUITests */,
			);
		};
/* End PBXProject section */

/* Begin PBXResourcesBuildPhase section */
		CE315FC72AD3E66800C3A618 /* Resources */ = {
			isa = PBXResourcesBuildPhase;
			buildActionMask = 2147483647;
			files = (
				CE315FD92AD3E66900C3A618 /* LaunchScreen.storyboard in Resources */,
				CE315FD62AD3E66900C3A618 /* Assets.xcassets in Resources */,
				CE315FD42AD3E66800C3A618 /* Main.storyboard in Resources */,
			);
			runOnlyForDeploymentPostprocessing = 0;
		};
		CE315FDD2AD3E66900C3A618 /* Resources */ = {
			isa = PBXResourcesBuildPhase;
			buildActionMask = 2147483647;
			files = (
			);
			runOnlyForDeploymentPostprocessing = 0;
		};
		CE315FE72AD3E66900C3A618 /* Resources */ = {
			isa = PBXResourcesBuildPhase;
			buildActionMask = 2147483647;
			files = (
			);
			runOnlyForDeploymentPostprocessing = 0;
		};
/* End PBXResourcesBuildPhase section */

/* Begin PBXSourcesBuildPhase section */
		CE315FC52AD3E66800C3A618 /* Sources */ = {
			isa = PBXSourcesBuildPhase;
			buildActionMask = 2147483647;
			files = (
				CE315FD12AD3E66800C3A618 /* ImagesListViewController.swift in Sources */,
				CEB492642AE954B100CA3D44 /* ImagesListCell.swift in Sources */,
				CE315FCD2AD3E66800C3A618 /* AppDelegate.swift in Sources */,
				CE315FCF2AD3E66800C3A618 /* SceneDelegate.swift in Sources */,
			);
			runOnlyForDeploymentPostprocessing = 0;
		};
		CE315FDB2AD3E66900C3A618 /* Sources */ = {
			isa = PBXSourcesBuildPhase;
			buildActionMask = 2147483647;
			files = (
				CE315FE42AD3E66900C3A618 /* ImageFeedProjectTests.swift in Sources */,
			);
			runOnlyForDeploymentPostprocessing = 0;
		};
		CE315FE52AD3E66900C3A618 /* Sources */ = {
			isa = PBXSourcesBuildPhase;
			buildActionMask = 2147483647;
			files = (
				CE315FF02AD3E66900C3A618 /* ImageFeedProjectUITestsLaunchTests.swift in Sources */,
				CE315FEE2AD3E66900C3A618 /* ImageFeedProjectUITests.swift in Sources */,
			);
			runOnlyForDeploymentPostprocessing = 0;
		};
/* End PBXSourcesBuildPhase section */

/* Begin PBXTargetDependency section */
		CE315FE12AD3E66900C3A618 /* PBXTargetDependency */ = {
			isa = PBXTargetDependency;
			target = CE315FC82AD3E66800C3A618 /* ImageFeedProject */;
			targetProxy = CE315FE02AD3E66900C3A618 /* PBXContainerItemProxy */;
		};
		CE315FEB2AD3E66900C3A618 /* PBXTargetDependency */ = {
			isa = PBXTargetDependency;
			target = CE315FC82AD3E66800C3A618 /* ImageFeedProject */;
			targetProxy = CE315FEA2AD3E66900C3A618 /* PBXContainerItemProxy */;
		};
/* End PBXTargetDependency section */

/* Begin PBXVariantGroup section */
		CE315FD22AD3E66800C3A618 /* Main.storyboard */ = {
			isa = PBXVariantGroup;
			children = (
				CE315FD32AD3E66800C3A618 /* Base */,
			);
			name = Main.storyboard;
			sourceTree = "<group>";
		};
		CE315FD72AD3E66900C3A618 /* LaunchScreen.storyboard */ = {
			isa = PBXVariantGroup;
			children = (
				CE315FD82AD3E66900C3A618 /* Base */,
			);
			name = LaunchScreen.storyboard;
			sourceTree = "<group>";
		};
/* End PBXVariantGroup section */

/* Begin XCBuildConfiguration section */
		CE315FF12AD3E66900C3A618 /* Debug */ = {
			isa = XCBuildConfiguration;
			buildSettings = {
				ALWAYS_SEARCH_USER_PATHS = NO;
				ASSETCATALOG_COMPILER_GENERATE_SWIFT_ASSET_SYMBOL_EXTENSIONS = YES;
				CLANG_ANALYZER_NONNULL = YES;
				CLANG_ANALYZER_NUMBER_OBJECT_CONVERSION = YES_AGGRESSIVE;
				CLANG_CXX_LANGUAGE_STANDARD = "gnu++20";
				CLANG_ENABLE_MODULES = YES;
				CLANG_ENABLE_OBJC_ARC = YES;
				CLANG_ENABLE_OBJC_WEAK = YES;
				CLANG_WARN_BLOCK_CAPTURE_AUTORELEASING = YES;
				CLANG_WARN_BOOL_CONVERSION = YES;
				CLANG_WARN_COMMA = YES;
				CLANG_WARN_CONSTANT_CONVERSION = YES;
				CLANG_WARN_DEPRECATED_OBJC_IMPLEMENTATIONS = YES;
				CLANG_WARN_DIRECT_OBJC_ISA_USAGE = YES_ERROR;
				CLANG_WARN_DOCUMENTATION_COMMENTS = YES;
				CLANG_WARN_EMPTY_BODY = YES;
				CLANG_WARN_ENUM_CONVERSION = YES;
				CLANG_WARN_INFINITE_RECURSION = YES;
				CLANG_WARN_INT_CONVERSION = YES;
				CLANG_WARN_NON_LITERAL_NULL_CONVERSION = YES;
				CLANG_WARN_OBJC_IMPLICIT_RETAIN_SELF = YES;
				CLANG_WARN_OBJC_LITERAL_CONVERSION = YES;
				CLANG_WARN_OBJC_ROOT_CLASS = YES_ERROR;
				CLANG_WARN_QUOTED_INCLUDE_IN_FRAMEWORK_HEADER = YES;
				CLANG_WARN_RANGE_LOOP_ANALYSIS = YES;
				CLANG_WARN_STRICT_PROTOTYPES = YES;
				CLANG_WARN_SUSPICIOUS_MOVE = YES;
				CLANG_WARN_UNGUARDED_AVAILABILITY = YES_AGGRESSIVE;
				CLANG_WARN_UNREACHABLE_CODE = YES;
				CLANG_WARN__DUPLICATE_METHOD_MATCH = YES;
				COPY_PHASE_STRIP = NO;
				DEBUG_INFORMATION_FORMAT = dwarf;
				ENABLE_STRICT_OBJC_MSGSEND = YES;
				ENABLE_TESTABILITY = YES;
				ENABLE_USER_SCRIPT_SANDBOXING = YES;
				GCC_C_LANGUAGE_STANDARD = gnu17;
				GCC_DYNAMIC_NO_PIC = NO;
				GCC_NO_COMMON_BLOCKS = YES;
				GCC_OPTIMIZATION_LEVEL = 0;
				GCC_PREPROCESSOR_DEFINITIONS = (
					"DEBUG=1",
					"$(inherited)",
				);
				GCC_WARN_64_TO_32_BIT_CONVERSION = YES;
				GCC_WARN_ABOUT_RETURN_TYPE = YES_ERROR;
				GCC_WARN_UNDECLARED_SELECTOR = YES;
				GCC_WARN_UNINITIALIZED_AUTOS = YES_AGGRESSIVE;
				GCC_WARN_UNUSED_FUNCTION = YES;
				GCC_WARN_UNUSED_VARIABLE = YES;
				IPHONEOS_DEPLOYMENT_TARGET = 13.0;
				LOCALIZATION_PREFERS_STRING_CATALOGS = YES;
				MTL_ENABLE_DEBUG_INFO = INCLUDE_SOURCE;
				MTL_FAST_MATH = YES;
				ONLY_ACTIVE_ARCH = YES;
				SDKROOT = iphoneos;
				SWIFT_ACTIVE_COMPILATION_CONDITIONS = "DEBUG $(inherited)";
				SWIFT_OPTIMIZATION_LEVEL = "-Onone";
			};
			name = Debug;
		};
		CE315FF22AD3E66900C3A618 /* Release */ = {
			isa = XCBuildConfiguration;
			buildSettings = {
				ALWAYS_SEARCH_USER_PATHS = NO;
				ASSETCATALOG_COMPILER_GENERATE_SWIFT_ASSET_SYMBOL_EXTENSIONS = YES;
				CLANG_ANALYZER_NONNULL = YES;
				CLANG_ANALYZER_NUMBER_OBJECT_CONVERSION = YES_AGGRESSIVE;
				CLANG_CXX_LANGUAGE_STANDARD = "gnu++20";
				CLANG_ENABLE_MODULES = YES;
				CLANG_ENABLE_OBJC_ARC = YES;
				CLANG_ENABLE_OBJC_WEAK = YES;
				CLANG_WARN_BLOCK_CAPTURE_AUTORELEASING = YES;
				CLANG_WARN_BOOL_CONVERSION = YES;
				CLANG_WARN_COMMA = YES;
				CLANG_WARN_CONSTANT_CONVERSION = YES;
				CLANG_WARN_DEPRECATED_OBJC_IMPLEMENTATIONS = YES;
				CLANG_WARN_DIRECT_OBJC_ISA_USAGE = YES_ERROR;
				CLANG_WARN_DOCUMENTATION_COMMENTS = YES;
				CLANG_WARN_EMPTY_BODY = YES;
				CLANG_WARN_ENUM_CONVERSION = YES;
				CLANG_WARN_INFINITE_RECURSION = YES;
				CLANG_WARN_INT_CONVERSION = YES;
				CLANG_WARN_NON_LITERAL_NULL_CONVERSION = YES;
				CLANG_WARN_OBJC_IMPLICIT_RETAIN_SELF = YES;
				CLANG_WARN_OBJC_LITERAL_CONVERSION = YES;
				CLANG_WARN_OBJC_ROOT_CLASS = YES_ERROR;
				CLANG_WARN_QUOTED_INCLUDE_IN_FRAMEWORK_HEADER = YES;
				CLANG_WARN_RANGE_LOOP_ANALYSIS = YES;
				CLANG_WARN_STRICT_PROTOTYPES = YES;
				CLANG_WARN_SUSPICIOUS_MOVE = YES;
				CLANG_WARN_UNGUARDED_AVAILABILITY = YES_AGGRESSIVE;
				CLANG_WARN_UNREACHABLE_CODE = YES;
				CLANG_WARN__DUPLICATE_METHOD_MATCH = YES;
				COPY_PHASE_STRIP = NO;
				DEBUG_INFORMATION_FORMAT = "dwarf-with-dsym";
				ENABLE_NS_ASSERTIONS = NO;
				ENABLE_STRICT_OBJC_MSGSEND = YES;
				ENABLE_USER_SCRIPT_SANDBOXING = YES;
				GCC_C_LANGUAGE_STANDARD = gnu17;
				GCC_NO_COMMON_BLOCKS = YES;
				GCC_WARN_64_TO_32_BIT_CONVERSION = YES;
				GCC_WARN_ABOUT_RETURN_TYPE = YES_ERROR;
				GCC_WARN_UNDECLARED_SELECTOR = YES;
				GCC_WARN_UNINITIALIZED_AUTOS = YES_AGGRESSIVE;
				GCC_WARN_UNUSED_FUNCTION = YES;
				GCC_WARN_UNUSED_VARIABLE = YES;
				IPHONEOS_DEPLOYMENT_TARGET = 13.0;
				LOCALIZATION_PREFERS_STRING_CATALOGS = YES;
				MTL_ENABLE_DEBUG_INFO = NO;
				MTL_FAST_MATH = YES;
				SDKROOT = iphoneos;
				SWIFT_COMPILATION_MODE = wholemodule;
				VALIDATE_PRODUCT = YES;
			};
			name = Release;
		};
		CE315FF42AD3E66900C3A618 /* Debug */ = {
			isa = XCBuildConfiguration;
			buildSettings = {
				ASSETCATALOG_COMPILER_APPICON_NAME = AppIcon;
				ASSETCATALOG_COMPILER_GLOBAL_ACCENT_COLOR_NAME = AccentColor;
				CODE_SIGN_STYLE = Automatic;
				CURRENT_PROJECT_VERSION = 1;
				DEVELOPMENT_TEAM = M6MCAP9898;
				GENERATE_INFOPLIST_FILE = YES;
				INFOPLIST_FILE = ImageFeedProject/Info.plist;
				INFOPLIST_KEY_UIApplicationSupportsIndirectInputEvents = YES;
				INFOPLIST_KEY_UILaunchStoryboardName = LaunchScreen;
				INFOPLIST_KEY_UIMainStoryboardFile = Main;
				INFOPLIST_KEY_UISupportedInterfaceOrientations = UIInterfaceOrientationPortrait;
				INFOPLIST_KEY_UISupportedInterfaceOrientations_iPad = "UIInterfaceOrientationLandscapeLeft UIInterfaceOrientationLandscapeRight UIInterfaceOrientationPortrait UIInterfaceOrientationPortraitUpsideDown";
				IPHONEOS_DEPLOYMENT_TARGET = 13.0;
				LD_RUNPATH_SEARCH_PATHS = (
					"$(inherited)",
					"@executable_path/Frameworks",
				);
				MARKETING_VERSION = 1.0;
				PRODUCT_BUNDLE_IDENTIFIER = ru.yandex.igoryssha.ImageFeedProject;
				PRODUCT_NAME = "$(TARGET_NAME)";
				SUPPORTED_PLATFORMS = "iphoneos iphonesimulator";
				SUPPORTS_MACCATALYST = NO;
				SWIFT_EMIT_LOC_STRINGS = YES;
				SWIFT_VERSION = 5.0;
				TARGETED_DEVICE_FAMILY = 1;
			};
			name = Debug;
		};
		CE315FF52AD3E66900C3A618 /* Release */ = {
			isa = XCBuildConfiguration;
			buildSettings = {
				ASSETCATALOG_COMPILER_APPICON_NAME = AppIcon;
				ASSETCATALOG_COMPILER_GLOBAL_ACCENT_COLOR_NAME = AccentColor;
				CODE_SIGN_STYLE = Automatic;
				CURRENT_PROJECT_VERSION = 1;
				DEVELOPMENT_TEAM = M6MCAP9898;
				GENERATE_INFOPLIST_FILE = YES;
				INFOPLIST_FILE = ImageFeedProject/Info.plist;
				INFOPLIST_KEY_UIApplicationSupportsIndirectInputEvents = YES;
				INFOPLIST_KEY_UILaunchStoryboardName = LaunchScreen;
				INFOPLIST_KEY_UIMainStoryboardFile = Main;
				INFOPLIST_KEY_UISupportedInterfaceOrientations = UIInterfaceOrientationPortrait;
				INFOPLIST_KEY_UISupportedInterfaceOrientations_iPad = "UIInterfaceOrientationLandscapeLeft UIInterfaceOrientationLandscapeRight UIInterfaceOrientationPortrait UIInterfaceOrientationPortraitUpsideDown";
				IPHONEOS_DEPLOYMENT_TARGET = 13.0;
				LD_RUNPATH_SEARCH_PATHS = (
					"$(inherited)",
					"@executable_path/Frameworks",
				);
				MARKETING_VERSION = 1.0;
				PRODUCT_BUNDLE_IDENTIFIER = ru.yandex.igoryssha.ImageFeedProject;
				PRODUCT_NAME = "$(TARGET_NAME)";
				SUPPORTED_PLATFORMS = "iphoneos iphonesimulator";
				SUPPORTS_MACCATALYST = NO;
				SWIFT_EMIT_LOC_STRINGS = YES;
				SWIFT_VERSION = 5.0;
				TARGETED_DEVICE_FAMILY = 1;
			};
			name = Release;
		};
		CE315FF72AD3E66900C3A618 /* Debug */ = {
			isa = XCBuildConfiguration;
			buildSettings = {
				ALWAYS_EMBED_SWIFT_STANDARD_LIBRARIES = YES;
				BUNDLE_LOADER = "$(TEST_HOST)";
				CODE_SIGN_STYLE = Automatic;
				CURRENT_PROJECT_VERSION = 1;
				DEVELOPMENT_TEAM = M6MCAP9898;
				GENERATE_INFOPLIST_FILE = YES;
				IPHONEOS_DEPLOYMENT_TARGET = 17.0;
				MARKETING_VERSION = 1.0;
				PRODUCT_BUNDLE_IDENTIFIER = ru.yandex.igoryssha.ImageFeedProjectTests;
				PRODUCT_NAME = "$(TARGET_NAME)";
				SWIFT_EMIT_LOC_STRINGS = NO;
				SWIFT_VERSION = 5.0;
				TARGETED_DEVICE_FAMILY = "1,2";
				TEST_HOST = "$(BUILT_PRODUCTS_DIR)/ImageFeedProject.app/$(BUNDLE_EXECUTABLE_FOLDER_PATH)/ImageFeedProject";
			};
			name = Debug;
		};
		CE315FF82AD3E66900C3A618 /* Release */ = {
			isa = XCBuildConfiguration;
			buildSettings = {
				ALWAYS_EMBED_SWIFT_STANDARD_LIBRARIES = YES;
				BUNDLE_LOADER = "$(TEST_HOST)";
				CODE_SIGN_STYLE = Automatic;
				CURRENT_PROJECT_VERSION = 1;
				DEVELOPMENT_TEAM = M6MCAP9898;
				GENERATE_INFOPLIST_FILE = YES;
				IPHONEOS_DEPLOYMENT_TARGET = 17.0;
				MARKETING_VERSION = 1.0;
				PRODUCT_BUNDLE_IDENTIFIER = ru.yandex.igoryssha.ImageFeedProjectTests;
				PRODUCT_NAME = "$(TARGET_NAME)";
				SWIFT_EMIT_LOC_STRINGS = NO;
				SWIFT_VERSION = 5.0;
				TARGETED_DEVICE_FAMILY = "1,2";
				TEST_HOST = "$(BUILT_PRODUCTS_DIR)/ImageFeedProject.app/$(BUNDLE_EXECUTABLE_FOLDER_PATH)/ImageFeedProject";
			};
			name = Release;
		};
		CE315FFA2AD3E66900C3A618 /* Debug */ = {
			isa = XCBuildConfiguration;
			buildSettings = {
				ALWAYS_EMBED_SWIFT_STANDARD_LIBRARIES = YES;
				CODE_SIGN_STYLE = Automatic;
				CURRENT_PROJECT_VERSION = 1;
				DEVELOPMENT_TEAM = M6MCAP9898;
				GENERATE_INFOPLIST_FILE = YES;
				MARKETING_VERSION = 1.0;
				PRODUCT_BUNDLE_IDENTIFIER = ru.yandex.igoryssha.ImageFeedProjectUITests;
				PRODUCT_NAME = "$(TARGET_NAME)";
				SWIFT_EMIT_LOC_STRINGS = NO;
				SWIFT_VERSION = 5.0;
				TARGETED_DEVICE_FAMILY = "1,2";
				TEST_TARGET_NAME = ImageFeedProject;
			};
			name = Debug;
		};
		CE315FFB2AD3E66900C3A618 /* Release */ = {
			isa = XCBuildConfiguration;
			buildSettings = {
				ALWAYS_EMBED_SWIFT_STANDARD_LIBRARIES = YES;
				CODE_SIGN_STYLE = Automatic;
				CURRENT_PROJECT_VERSION = 1;
				DEVELOPMENT_TEAM = M6MCAP9898;
				GENERATE_INFOPLIST_FILE = YES;
				MARKETING_VERSION = 1.0;
				PRODUCT_BUNDLE_IDENTIFIER = ru.yandex.igoryssha.ImageFeedProjectUITests;
				PRODUCT_NAME = "$(TARGET_NAME)";
				SWIFT_EMIT_LOC_STRINGS = NO;
				SWIFT_VERSION = 5.0;
				TARGETED_DEVICE_FAMILY = "1,2";
				TEST_TARGET_NAME = ImageFeedProject;
			};
			name = Release;
		};
/* End XCBuildConfiguration section */

/* Begin XCConfigurationList section */
		CE315FC42AD3E66800C3A618 /* Build configuration list for PBXProject "ImageFeedProject" */ = {
			isa = XCConfigurationList;
			buildConfigurations = (
				CE315FF12AD3E66900C3A618 /* Debug */,
				CE315FF22AD3E66900C3A618 /* Release */,
			);
			defaultConfigurationIsVisible = 0;
			defaultConfigurationName = Release;
		};
		CE315FF32AD3E66900C3A618 /* Build configuration list for PBXNativeTarget "ImageFeedProject" */ = {
			isa = XCConfigurationList;
			buildConfigurations = (
				CE315FF42AD3E66900C3A618 /* Debug */,
				CE315FF52AD3E66900C3A618 /* Release */,
			);
			defaultConfigurationIsVisible = 0;
			defaultConfigurationName = Release;
		};
		CE315FF62AD3E66900C3A618 /* Build configuration list for PBXNativeTarget "ImageFeedProjectTests" */ = {
			isa = XCConfigurationList;
			buildConfigurations = (
				CE315FF72AD3E66900C3A618 /* Debug */,
				CE315FF82AD3E66900C3A618 /* Release */,
			);
			defaultConfigurationIsVisible = 0;
			defaultConfigurationName = Release;
		};
		CE315FF92AD3E66900C3A618 /* Build configuration list for PBXNativeTarget "ImageFeedProjectUITests" */ = {
			isa = XCConfigurationList;
			buildConfigurations = (
				CE315FFA2AD3E66900C3A618 /* Debug */,
				CE315FFB2AD3E66900C3A618 /* Release */,
			);
			defaultConfigurationIsVisible = 0;
			defaultConfigurationName = Release;
		};
/* End XCConfigurationList section */
	};
	rootObject = CE315FC12AD3E66800C3A618 /* Project object */;
}
